
Microsoft Visual Studio Solution File, Format Version 12.00
# Visual Studio Version 17
VisualStudioVersion = 17.4.33213.308
MinimumVisualStudioVersion = 10.0.40219.1
Project("{FAE04EC0-301F-11D3-BF4B-00C04F79EFBC}") = "CodeWarsBusiness", "CodeWarsBusiness\CodeWarsBusiness.csproj", "{C3BCE5E4-D252-4310-B052-57E5D64F71BA}"
EndProject
Project("{FAE04EC0-301F-11D3-BF4B-00C04F79EFBC}") = "CodeWarsUnitTests", "CodeWarsUnitTests\CodeWarsUnitTests.csproj", "{B7DE8300-86BA-4379-B026-0321BE779984}"
EndProject
Global
	GlobalSection(SolutionConfigurationPlatforms) = preSolution
		Debug|Any CPU = Debug|Any CPU
		Release|Any CPU = Release|Any CPU
	EndGlobalSection
	GlobalSection(ProjectConfigurationPlatforms) = postSolution
		{C3BCE5E4-D252-4310-B052-57E5D64F71BA}.Debug|Any CPU.ActiveCfg = Debug|Any CPU
		{C3BCE5E4-D252-4310-B052-57E5D64F71BA}.Debug|Any CPU.Build.0 = Debug|Any CPU
		{C3BCE5E4-D252-4310-B052-57E5D64F71BA}.Release|Any CPU.ActiveCfg = Release|Any CPU
		{C3BCE5E4-D252-4310-B052-57E5D64F71BA}.Release|Any CPU.Build.0 = Release|Any CPU
		{B7DE8300-86BA-4379-B026-0321BE779984}.Debug|Any CPU.ActiveCfg = Debug|Any CPU
		{B7DE8300-86BA-4379-B026-0321BE779984}.Debug|Any CPU.Build.0 = Debug|Any CPU
		{B7DE8300-86BA-4379-B026-0321BE779984}.Release|Any CPU.ActiveCfg = Release|Any CPU
		{B7DE8300-86BA-4379-B026-0321BE779984}.Release|Any CPU.Build.0 = Release|Any CPU
	EndGlobalSection
	GlobalSection(SolutionProperties) = preSolution
		HideSolutionNode = FALSE
	EndGlobalSection
	GlobalSection(ExtensibilityGlobals) = postSolution
		SolutionGuid = {1B9B8055-6800-462E-BF80-756D1D2888FB}
	EndGlobalSection
EndGlobal
